
Microsoft Visual Studio Solution File, Format Version 12.00
# Visual Studio Version 16
VisualStudioVersion = 16.0.34407.143
MinimumVisualStudioVersion = 10.0.40219.1
Project("{FAE04EC0-301F-11D3-BF4B-00C04F79EFBC}") = "SaludosBotones_MDQS", "SaludosBotones_MDQS.csproj", "{79EE4356-CFDA-4090-8592-C9AB4803A5B4}"
EndProject
Global
	GlobalSection(SolutionConfigurationPlatforms) = preSolution
		Debug|Any CPU = Debug|Any CPU
		Release|Any CPU = Release|Any CPU
	EndGlobalSection
	GlobalSection(ProjectConfigurationPlatforms) = postSolution
		{79EE4356-CFDA-4090-8592-C9AB4803A5B4}.Debug|Any CPU.ActiveCfg = Debug|Any CPU
		{79EE4356-CFDA-4090-8592-C9AB4803A5B4}.Debug|Any CPU.Build.0 = Debug|Any CPU
		{79EE4356-CFDA-4090-8592-C9AB4803A5B4}.Release|Any CPU.ActiveCfg = Release|Any CPU
		{79EE4356-CFDA-4090-8592-C9AB4803A5B4}.Release|Any CPU.Build.0 = Release|Any CPU
	EndGlobalSection
	GlobalSection(SolutionProperties) = preSolution
		HideSolutionNode = FALSE
	EndGlobalSection
	GlobalSection(ExtensibilityGlobals) = postSolution
		SolutionGuid = {BD1CE38B-4565-4291-A872-620C912EB6EA}
	EndGlobalSection
EndGlobal
